PODS:
  - Locksmith (4.0.0)
  - SwiftLint (0.31.0)

DEPENDENCIES:
  - Locksmith
  - SwiftLint

SPEC REPOS:
  https://github.com/cocoapods/specs.git:
    - Locksmith
    - SwiftLint

SPEC CHECKSUMS:
  Locksmith: e9bebbaaa4cee3c511bc358a44f843c3fe00e21f
  SwiftLint: 7a0227733d786395817373b2d0ca799fd0093ff3

PODFILE CHECKSUM: 2b5cbe64a91c9f3a55069c283003ab674729f5b0

COCOAPODS: 1.5.3
