// !$*UTF8*$!
{
	archiveVersion = 1;
	classes = {
	};
	objectVersion = 50;
	objects = {

/* Begin PBXBuildFile section */
		3F91C260222E40300033AD1F /* Login.storyboard in Resources */ = {isa = PBXBuildFile; fileRef = 3F91C25F222E40300033AD1F /* Login.storyboard */; };
		3F91C262222E49C50033AD1F /* LoginViewController.swift in Sources */ = {isa = PBXBuildFile; fileRef = 3F91C261222E49C50033AD1F /* LoginViewController.swift */; };
		3F91C264222EF1570033AD1F /* CreateAccountViewController.swift in Sources */ = {isa = PBXBuildFile; fileRef = 3F91C263222EF1570033AD1F /* CreateAccountViewController.swift */; };
		3FF79DBB22287972002DDCEB /* AppDelegate.swift in Sources */ = {isa = PBXBuildFile; fileRef = 3FF79DBA22287972002DDCEB /* AppDelegate.swift */; };
		3FF79DBD22287972002DDCEB /* ViewController.swift in Sources */ = {isa = PBXBuildFile; fileRef = 3FF79DBC22287972002DDCEB /* ViewController.swift */; };
		3FF79DC022287972002DDCEB /* Main.storyboard in Resources */ = {isa = PBXBuildFile; fileRef = 3FF79DBE22287972002DDCEB /* Main.storyboard */; };
		3FF79DC222287974002DDCEB /* Assets.xcassets in Resources */ = {isa = PBXBuildFile; fileRef = 3FF79DC122287974002DDCEB /* Assets.xcassets */; };
		3FF79DC522287974002DDCEB /* LaunchScreen.storyboard in Resources */ = {isa = PBXBuildFile; fileRef = 3FF79DC322287974002DDCEB /* LaunchScreen.storyboard */; };
		3FF79DCF22290195002DDCEB /* Favorites.storyboard in Resources */ = {isa = PBXBuildFile; fileRef = 3FF79DCE22290195002DDCEB /* Favorites.storyboard */; };
		A86D7CCD7F14F9E038F154C5 /* Pods_CheckMe.framework in Frameworks */ = {isa = PBXBuildFile; fileRef = F370EE57B261F99AA1FE0A18 /* Pods_CheckMe.framework */; };
/* End PBXBuildFile section */

/* Begin PBXFileReference section */
		3F91C25F222E40300033AD1F /* Login.storyboard */ = {isa = PBXFileReference; lastKnownFileType = file.storyboard; path = Login.storyboard; sourceTree = "<group>"; };
		3F91C261222E49C50033AD1F /* LoginViewController.swift */ = {isa = PBXFileReference; lastKnownFileType = sourcecode.swift; path = LoginViewController.swift; sourceTree = "<group>"; };
		3F91C263222EF1570033AD1F /* CreateAccountViewController.swift */ = {isa = PBXFileReference; lastKnownFileType = sourcecode.swift; path = CreateAccountViewController.swift; sourceTree = "<group>"; };
		3FF79DB722287972002DDCEB /* CheckMe.app */ = {isa = PBXFileReference; explicitFileType = wrapper.application; includeInIndex = 0; path = CheckMe.app; sourceTree = BUILT_PRODUCTS_DIR; };
		3FF79DBA22287972002DDCEB /* AppDelegate.swift */ = {isa = PBXFileReference; lastKnownFileType = sourcecode.swift; path = AppDelegate.swift; sourceTree = "<group>"; };
		3FF79DBC22287972002DDCEB /* ViewController.swift */ = {isa = PBXFileReference; lastKnownFileType = sourcecode.swift; path = ViewController.swift; sourceTree = "<group>"; };
		3FF79DBF22287972002DDCEB /* Base */ = {isa = PBXFileReference; lastKnownFileType = file.storyboard; name = Base; path = Base.lproj/Main.storyboard; sourceTree = "<group>"; };
		3FF79DC122287974002DDCEB /* Assets.xcassets */ = {isa = PBXFileReference; lastKnownFileType = folder.assetcatalog; path = Assets.xcassets; sourceTree = "<group>"; };
		3FF79DC422287974002DDCEB /* Base */ = {isa = PBXFileReference; lastKnownFileType = file.storyboard; name = Base; path = Base.lproj/LaunchScreen.storyboard; sourceTree = "<group>"; };
		3FF79DC622287974002DDCEB /* Info.plist */ = {isa = PBXFileReference; lastKnownFileType = text.plist.xml; path = Info.plist; sourceTree = "<group>"; };
		3FF79DCE22290195002DDCEB /* Favorites.storyboard */ = {isa = PBXFileReference; lastKnownFileType = file.storyboard; path = Favorites.storyboard; sourceTree = "<group>"; };
		954C181D7A3E11715F79FA96 /* Pods-CheckMe.release.xcconfig */ = {isa = PBXFileReference; includeInIndex = 1; lastKnownFileType = text.xcconfig; name = "Pods-CheckMe.release.xcconfig"; path = "Pods/Target Support Files/Pods-CheckMe/Pods-CheckMe.release.xcconfig"; sourceTree = "<group>"; };
		A114A2BC7F11C89772AC2BB2 /* Pods-CheckMe.debug.xcconfig */ = {isa = PBXFileReference; includeInIndex = 1; lastKnownFileType = text.xcconfig; name = "Pods-CheckMe.debug.xcconfig"; path = "Pods/Target Support Files/Pods-CheckMe/Pods-CheckMe.debug.xcconfig"; sourceTree = "<group>"; };
		F370EE57B261F99AA1FE0A18 /* Pods_CheckMe.framework */ = {isa = PBXFileReference; explicitFileType = wrapper.framework; includeInIndex = 0; path = Pods_CheckMe.framework; sourceTree = BUILT_PRODUCTS_DIR; };
/* End PBXFileReference section */

/* Begin PBXFrameworksBuildPhase section */
		3FF79DB422287972002DDCEB /* Frameworks */ = {
			isa = PBXFrameworksBuildPhase;
			buildActionMask = 2147483647;
			files = (
				A86D7CCD7F14F9E038F154C5 /* Pods_CheckMe.framework in Frameworks */,
			);
			runOnlyForDeploymentPostprocessing = 0;
		};
/* End PBXFrameworksBuildPhase section */

/* Begin PBXGroup section */
		3F91C265222EF19D0033AD1F /* Login */ = {
			isa = PBXGroup;
			children = (
				3F91C25F222E40300033AD1F /* Login.storyboard */,
				3F91C261222E49C50033AD1F /* LoginViewController.swift */,
				3F91C263222EF1570033AD1F /* CreateAccountViewController.swift */,
			);
			path = Login;
			sourceTree = "<group>";
		};
		3FF79DAE22287972002DDCEB = {
			isa = PBXGroup;
			children = (
				3FF79DB922287972002DDCEB /* CheckMe */,
				3FF79DB822287972002DDCEB /* Products */,
				9D8D2BA08DE68CAE8BFBE3FD /* Pods */,
				D59F79435B7A610858A7C144 /* Frameworks */,
			);
			sourceTree = "<group>";
		};
		3FF79DB822287972002DDCEB /* Products */ = {
			isa = PBXGroup;
			children = (
				3FF79DB722287972002DDCEB /* CheckMe.app */,
			);
			name = Products;
			sourceTree = "<group>";
		};
		3FF79DB922287972002DDCEB /* CheckMe */ = {
			isa = PBXGroup;
			children = (
				3FF79DCD2228855D002DDCEB /* SupportFiles */,
				3FF79DBC22287972002DDCEB /* ViewController.swift */,
				3FF79DBE22287972002DDCEB /* Main.storyboard */,
				3FF79DCE22290195002DDCEB /* Favorites.storyboard */,
				3F91C265222EF19D0033AD1F /* Login */,
				3FF79DC622287974002DDCEB /* Info.plist */,
			);
			path = CheckMe;
			sourceTree = "<group>";
		};
		3FF79DCD2228855D002DDCEB /* SupportFiles */ = {
			isa = PBXGroup;
			children = (
				3FF79DBA22287972002DDCEB /* AppDelegate.swift */,
				3FF79DC122287974002DDCEB /* Assets.xcassets */,
				3FF79DC322287974002DDCEB /* LaunchScreen.storyboard */,
			);
			path = SupportFiles;
			sourceTree = "<group>";
		};
		9D8D2BA08DE68CAE8BFBE3FD /* Pods */ = {
			isa = PBXGroup;
			children = (
				A114A2BC7F11C89772AC2BB2 /* Pods-CheckMe.debug.xcconfig */,
				954C181D7A3E11715F79FA96 /* Pods-CheckMe.release.xcconfig */,
			);
			name = Pods;
			sourceTree = "<group>";
		};
		D59F79435B7A610858A7C144 /* Frameworks */ = {
			isa = PBXGroup;
			children = (
				F370EE57B261F99AA1FE0A18 /* Pods_CheckMe.framework */,
			);
			name = Frameworks;
			sourceTree = "<group>";
		};
/* End PBXGroup section */

/* Begin PBXNativeTarget section */
		3FF79DB622287972002DDCEB /* CheckMe */ = {
			isa = PBXNativeTarget;
			buildConfigurationList = 3FF79DC922287974002DDCEB /* Build configuration list for PBXNativeTarget "CheckMe" */;
			buildPhases = (
				465C45856D2ECFB55A83DCAA /* [CP] Check Pods Manifest.lock */,
				3FF79DB322287972002DDCEB /* Sources */,
				3FF79DB422287972002DDCEB /* Frameworks */,
				3FF79DB522287972002DDCEB /* Resources */,
				3FF79DCC22287CFB002DDCEB /* ShellScript */,
				915DCDFAE36E13A1205F6481 /* [CP] Embed Pods Frameworks */,
			);
			buildRules = (
			);
			dependencies = (
			);
			name = CheckMe;
			productName = CheckMe;
			productReference = 3FF79DB722287972002DDCEB /* CheckMe.app */;
			productType = "com.apple.product-type.application";
		};
/* End PBXNativeTarget section */

/* Begin PBXProject section */
		3FF79DAF22287972002DDCEB /* Project object */ = {
			isa = PBXProject;
			attributes = {
				LastSwiftUpdateCheck = 1010;
				LastUpgradeCheck = 1010;
				ORGANIZATIONNAME = "Vadzim Sasnouski";
				TargetAttributes = {
					3FF79DB622287972002DDCEB = {
						CreatedOnToolsVersion = 10.1;
					};
				};
			};
			buildConfigurationList = 3FF79DB222287972002DDCEB /* Build configuration list for PBXProject "CheckMe" */;
			compatibilityVersion = "Xcode 9.3";
			developmentRegion = en;
			hasScannedForEncodings = 0;
			knownRegions = (
				en,
				Base,
			);
			mainGroup = 3FF79DAE22287972002DDCEB;
			productRefGroup = 3FF79DB822287972002DDCEB /* Products */;
			projectDirPath = "";
			projectRoot = "";
			targets = (
				3FF79DB622287972002DDCEB /* CheckMe */,
			);
		};
/* End PBXProject section */

/* Begin PBXResourcesBuildPhase section */
		3FF79DB522287972002DDCEB /* Resources */ = {
			isa = PBXResourcesBuildPhase;
			buildActionMask = 2147483647;
			files = (
				3FF79DC522287974002DDCEB /* LaunchScreen.storyboard in Resources */,
				3FF79DC222287974002DDCEB /* Assets.xcassets in Resources */,
				3FF79DCF22290195002DDCEB /* Favorites.storyboard in Resources */,
				3F91C260222E40300033AD1F /* Login.storyboard in Resources */,
				3FF79DC022287972002DDCEB /* Main.storyboard in Resources */,
			);
			runOnlyForDeploymentPostprocessing = 0;
		};
/* End PBXResourcesBuildPhase section */

/* Begin PBXShellScriptBuildPhase section */
		3FF79DCC22287CFB002DDCEB /* ShellScript */ = {
			isa = PBXShellScriptBuildPhase;
			buildActionMask = 2147483647;
			files = (
			);
			inputFileListPaths = (
			);
			inputPaths = (
			);
			outputFileListPaths = (
			);
			outputPaths = (
			);
			runOnlyForDeploymentPostprocessing = 0;
			shellPath = /bin/sh;
			shellScript = "\"${PODS_ROOT}/SwiftLint/swiftlint\"\n";
		};
		465C45856D2ECFB55A83DCAA /* [CP] Check Pods Manifest.lock */ = {
			isa = PBXShellScriptBuildPhase;
			buildActionMask = 2147483647;
			files = (
			);
			inputFileListPaths = (
			);
			inputPaths = (
				"${PODS_PODFILE_DIR_PATH}/Podfile.lock",
				"${PODS_ROOT}/Manifest.lock",
			);
			name = "[CP] Check Pods Manifest.lock";
			outputFileListPaths = (
			);
			outputPaths = (
				"$(DERIVED_FILE_DIR)/Pods-CheckMe-checkManifestLockResult.txt",
			);
			runOnlyForDeploymentPostprocessing = 0;
			shellPath = /bin/sh;
			shellScript = "diff \"${PODS_PODFILE_DIR_PATH}/Podfile.lock\" \"${PODS_ROOT}/Manifest.lock\" > /dev/null\nif [ $? != 0 ] ; then\n    # print error to STDERR\n    echo \"error: The sandbox is not in sync with the Podfile.lock. Run 'pod install' or update your CocoaPods installation.\" >&2\n    exit 1\nfi\n# This output is used by Xcode 'outputs' to avoid re-running this script phase.\necho \"SUCCESS\" > \"${SCRIPT_OUTPUT_FILE_0}\"\n";
			showEnvVarsInLog = 0;
		};
		915DCDFAE36E13A1205F6481 /* [CP] Embed Pods Frameworks */ = {
			isa = PBXShellScriptBuildPhase;
			buildActionMask = 2147483647;
			files = (
			);
			inputFileListPaths = (
			);
			inputPaths = (
				"${SRCROOT}/Pods/Target Support Files/Pods-CheckMe/Pods-CheckMe-frameworks.sh",
				"${BUILT_PRODUCTS_DIR}/Locksmith/Locksmith.framework",
			);
			name = "[CP] Embed Pods Frameworks";
			outputFileListPaths = (
			);
			outputPaths = (
				"${TARGET_BUILD_DIR}/${FRAMEWORKS_FOLDER_PATH}/Locksmith.framework",
			);
			runOnlyForDeploymentPostprocessing = 0;
			shellPath = /bin/sh;
			shellScript = "\"${SRCROOT}/Pods/Target Support Files/Pods-CheckMe/Pods-CheckMe-frameworks.sh\"\n";
			showEnvVarsInLog = 0;
		};
/* End PBXShellScriptBuildPhase section */

/* Begin PBXSourcesBuildPhase section */
		3FF79DB322287972002DDCEB /* Sources */ = {
			isa = PBXSourcesBuildPhase;
			buildActionMask = 2147483647;
			files = (
				3F91C264222EF1570033AD1F /* CreateAccountViewController.swift in Sources */,
				3F91C262222E49C50033AD1F /* LoginViewController.swift in Sources */,
				3FF79DBD22287972002DDCEB /* ViewController.swift in Sources */,
				3FF79DBB22287972002DDCEB /* AppDelegate.swift in Sources */,
			);
			runOnlyForDeploymentPostprocessing = 0;
		};
/* End PBXSourcesBuildPhase section */

/* Begin PBXVariantGroup section */
		3FF79DBE22287972002DDCEB /* Main.storyboard */ = {
			isa = PBXVariantGroup;
			children = (
				3FF79DBF22287972002DDCEB /* Base */,
			);
			name = Main.storyboard;
			sourceTree = "<group>";
		};
		3FF79DC322287974002DDCEB /* LaunchScreen.storyboard */ = {
			isa = PBXVariantGroup;
			children = (
				3FF79DC422287974002DDCEB /* Base */,
			);
			name = LaunchScreen.storyboard;
			sourceTree = "<group>";
		};
/* End PBXVariantGroup section */

/* Begin XCBuildConfiguration section */
		3FF79DC722287974002DDCEB /* Debug */ = {
			isa = XCBuildConfiguration;
			buildSettings = {
				ALWAYS_SEARCH_USER_PATHS = NO;
				CLANG_ANALYZER_NONNULL = YES;
				CLANG_ANALYZER_NUMBER_OBJECT_CONVERSION = YES_AGGRESSIVE;
				CLANG_CXX_LANGUAGE_STANDARD = "gnu++14";
				CLANG_CXX_LIBRARY = "libc++";
				CLANG_ENABLE_MODULES = YES;
				CLANG_ENABLE_OBJC_ARC = YES;
				CLANG_ENABLE_OBJC_WEAK = YES;
				CLANG_WARN_BLOCK_CAPTURE_AUTORELEASING = YES;
				CLANG_WARN_BOOL_CONVERSION = YES;
				CLANG_WARN_COMMA = YES;
				CLANG_WARN_CONSTANT_CONVERSION = YES;
				CLANG_WARN_DEPRECATED_OBJC_IMPLEMENTATIONS = YES;
				CLANG_WARN_DIRECT_OBJC_ISA_USAGE = YES_ERROR;
				CLANG_WARN_DOCUMENTATION_COMMENTS = YES;
				CLANG_WARN_EMPTY_BODY = YES;
				CLANG_WARN_ENUM_CONVERSION = YES;
				CLANG_WARN_INFINITE_RECURSION = YES;
				CLANG_WARN_INT_CONVERSION = YES;
				CLANG_WARN_NON_LITERAL_NULL_CONVERSION = YES;
				CLANG_WARN_OBJC_IMPLICIT_RETAIN_SELF = YES;
				CLANG_WARN_OBJC_LITERAL_CONVERSION = YES;
				CLANG_WARN_OBJC_ROOT_CLASS = YES_ERROR;
				CLANG_WARN_RANGE_LOOP_ANALYSIS = YES;
				CLANG_WARN_STRICT_PROTOTYPES = YES;
				CLANG_WARN_SUSPICIOUS_MOVE = YES;
				CLANG_WARN_UNGUARDED_AVAILABILITY = YES_AGGRESSIVE;
				CLANG_WARN_UNREACHABLE_CODE = YES;
				CLANG_WARN__DUPLICATE_METHOD_MATCH = YES;
				CODE_SIGN_IDENTITY = "iPhone Developer";
				COPY_PHASE_STRIP = NO;
				DEBUG_INFORMATION_FORMAT = dwarf;
				ENABLE_STRICT_OBJC_MSGSEND = YES;
				ENABLE_TESTABILITY = YES;
				GCC_C_LANGUAGE_STANDARD = gnu11;
				GCC_DYNAMIC_NO_PIC = NO;
				GCC_NO_COMMON_BLOCKS = YES;
				GCC_OPTIMIZATION_LEVEL = 0;
				GCC_PREPROCESSOR_DEFINITIONS = (
					"DEBUG=1",
					"$(inherited)",
				);
				GCC_WARN_64_TO_32_BIT_CONVERSION = YES;
				GCC_WARN_ABOUT_RETURN_TYPE = YES_ERROR;
				GCC_WARN_UNDECLARED_SELECTOR = YES;
				GCC_WARN_UNINITIALIZED_AUTOS = YES_AGGRESSIVE;
				GCC_WARN_UNUSED_FUNCTION = YES;
				GCC_WARN_UNUSED_VARIABLE = YES;
				IPHONEOS_DEPLOYMENT_TARGET = 12.1;
				MTL_ENABLE_DEBUG_INFO = INCLUDE_SOURCE;
				MTL_FAST_MATH = YES;
				ONLY_ACTIVE_ARCH = YES;
				SDKROOT = iphoneos;
				SWIFT_ACTIVE_COMPILATION_CONDITIONS = DEBUG;
				SWIFT_OPTIMIZATION_LEVEL = "-Onone";
			};
			name = Debug;
		};
		3FF79DC822287974002DDCEB /* Release */ = {
			isa = XCBuildConfiguration;
			buildSettings = {
				ALWAYS_SEARCH_USER_PATHS = NO;
				CLANG_ANALYZER_NONNULL = YES;
				CLANG_ANALYZER_NUMBER_OBJECT_CONVERSION = YES_AGGRESSIVE;
				CLANG_CXX_LANGUAGE_STANDARD = "gnu++14";
				CLANG_CXX_LIBRARY = "libc++";
				CLANG_ENABLE_MODULES = YES;
				CLANG_ENABLE_OBJC_ARC = YES;
				CLANG_ENABLE_OBJC_WEAK = YES;
				CLANG_WARN_BLOCK_CAPTURE_AUTORELEASING = YES;
				CLANG_WARN_BOOL_CONVERSION = YES;
				CLANG_WARN_COMMA = YES;
				CLANG_WARN_CONSTANT_CONVERSION = YES;
				CLANG_WARN_DEPRECATED_OBJC_IMPLEMENTATIONS = YES;
				CLANG_WARN_DIRECT_OBJC_ISA_USAGE = YES_ERROR;
				CLANG_WARN_DOCUMENTATION_COMMENTS = YES;
				CLANG_WARN_EMPTY_BODY = YES;
				CLANG_WARN_ENUM_CONVERSION = YES;
				CLANG_WARN_INFINITE_RECURSION = YES;
				CLANG_WARN_INT_CONVERSION = YES;
				CLANG_WARN_NON_LITERAL_NULL_CONVERSION = YES;
				CLANG_WARN_OBJC_IMPLICIT_RETAIN_SELF = YES;
				CLANG_WARN_OBJC_LITERAL_CONVERSION = YES;
				CLANG_WARN_OBJC_ROOT_CLASS = YES_ERROR;
				CLANG_WARN_RANGE_LOOP_ANALYSIS = YES;
				CLANG_WARN_STRICT_PROTOTYPES = YES;
				CLANG_WARN_SUSPICIOUS_MOVE = YES;
				CLANG_WARN_UNGUARDED_AVAILABILITY = YES_AGGRESSIVE;
				CLANG_WARN_UNREACHABLE_CODE = YES;
				CLANG_WARN__DUPLICATE_METHOD_MATCH = YES;
				CODE_SIGN_IDENTITY = "iPhone Developer";
				COPY_PHASE_STRIP = NO;
				DEBUG_INFORMATION_FORMAT = "dwarf-with-dsym";
				ENABLE_NS_ASSERTIONS = NO;
				ENABLE_STRICT_OBJC_MSGSEND = YES;
				GCC_C_LANGUAGE_STANDARD = gnu11;
				GCC_NO_COMMON_BLOCKS = YES;
				GCC_WARN_64_TO_32_BIT_CONVERSION = YES;
				GCC_WARN_ABOUT_RETURN_TYPE = YES_ERROR;
				GCC_WARN_UNDECLARED_SELECTOR = YES;
				GCC_WARN_UNINITIALIZED_AUTOS = YES_AGGRESSIVE;
				GCC_WARN_UNUSED_FUNCTION = YES;
				GCC_WARN_UNUSED_VARIABLE = YES;
				IPHONEOS_DEPLOYMENT_TARGET = 12.1;
				MTL_ENABLE_DEBUG_INFO = NO;
				MTL_FAST_MATH = YES;
				SDKROOT = iphoneos;
				SWIFT_COMPILATION_MODE = wholemodule;
				SWIFT_OPTIMIZATION_LEVEL = "-O";
				VALIDATE_PRODUCT = YES;
			};
			name = Release;
		};
		3FF79DCA22287974002DDCEB /* Debug */ = {
			isa = XCBuildConfiguration;
			baseConfigurationReference = A114A2BC7F11C89772AC2BB2 /* Pods-CheckMe.debug.xcconfig */;
			buildSettings = {
				ASSETCATALOG_COMPILER_APPICON_NAME = AppIcon;
				CODE_SIGN_STYLE = Automatic;
				DEVELOPMENT_TEAM = 9YKCHYY383;
				INFOPLIST_FILE = CheckMe/Info.plist;
				LD_RUNPATH_SEARCH_PATHS = (
					"$(inherited)",
					"@executable_path/Frameworks",
				);
				PRODUCT_BUNDLE_IDENTIFIER = VS.CheckMe;
				PRODUCT_NAME = "$(TARGET_NAME)";
				SWIFT_VERSION = 4.2;
				TARGETED_DEVICE_FAMILY = "1,2";
			};
			name = Debug;
		};
		3FF79DCB22287974002DDCEB /* Release */ = {
			isa = XCBuildConfiguration;
			baseConfigurationReference = 954C181D7A3E11715F79FA96 /* Pods-CheckMe.release.xcconfig */;
			buildSettings = {
				ASSETCATALOG_COMPILER_APPICON_NAME = AppIcon;
				CODE_SIGN_STYLE = Automatic;
				DEVELOPMENT_TEAM = 9YKCHYY383;
				INFOPLIST_FILE = CheckMe/Info.plist;
				LD_RUNPATH_SEARCH_PATHS = (
					"$(inherited)",
					"@executable_path/Frameworks",
				);
				PRODUCT_BUNDLE_IDENTIFIER = VS.CheckMe;
				PRODUCT_NAME = "$(TARGET_NAME)";
				SWIFT_VERSION = 4.2;
				TARGETED_DEVICE_FAMILY = "1,2";
			};
			name = Release;
		};
/* End XCBuildConfiguration section */

/* Begin XCConfigurationList section */
		3FF79DB222287972002DDCEB /* Build configuration list for PBXProject "CheckMe" */ = {
			isa = XCConfigurationList;
			buildConfigurations = (
				3FF79DC722287974002DDCEB /* Debug */,
				3FF79DC822287974002DDCEB /* Release */,
			);
			defaultConfigurationIsVisible = 0;
			defaultConfigurationName = Release;
		};
		3FF79DC922287974002DDCEB /* Build configuration list for PBXNativeTarget "CheckMe" */ = {
			isa = XCConfigurationList;
			buildConfigurations = (
				3FF79DCA22287974002DDCEB /* Debug */,
				3FF79DCB22287974002DDCEB /* Release */,
			);
			defaultConfigurationIsVisible = 0;
			defaultConfigurationName = Release;
		};
/* End XCConfigurationList section */
	};
	rootObject = 3FF79DAF22287972002DDCEB /* Project object */;
}
