// !$*UTF8*$!
{
	archiveVersion = 1;
	classes = {
	};
	objectVersion = 51;
	objects = {

/* Begin PBXBuildFile section */
		3F092A53225CA93E001DF034 /* LoginViewController.swift in Sources */ = {isa = PBXBuildFile; fileRef = 3F91C261222E49C50033AD1F /* LoginViewController.swift */; };
		3F0964AC2266574500B2D00B /* AuthErrorHandle.swift in Sources */ = {isa = PBXBuildFile; fileRef = 3F0964AB2266574500B2D00B /* AuthErrorHandle.swift */; };
		3F3820F1224025F000159CE2 /* FavoritesTableViewCell.swift in Sources */ = {isa = PBXBuildFile; fileRef = 3F3820F0224025F000159CE2 /* FavoritesTableViewCell.swift */; };
		3F3820F322466D8C00159CE2 /* GoogleService-Info.plist in Resources */ = {isa = PBXBuildFile; fileRef = 3F3820F222466D8B00159CE2 /* GoogleService-Info.plist */; };
		3F3820F5224B46D900159CE2 /* WelcomViewController.swift in Sources */ = {isa = PBXBuildFile; fileRef = 3F3820F4224B46D900159CE2 /* WelcomViewController.swift */; };
		3F3820F922529A2A00159CE2 /* PostsModel.swift in Sources */ = {isa = PBXBuildFile; fileRef = 3F3820F822529A2A00159CE2 /* PostsModel.swift */; };
		3F3820FD225606CB00159CE2 /* Login.storyboard in Resources */ = {isa = PBXBuildFile; fileRef = 3F3820FF225606CB00159CE2 /* Login.storyboard */; };
		3F382102225609E900159CE2 /* Settings.storyboard in Resources */ = {isa = PBXBuildFile; fileRef = 3F382104225609E900159CE2 /* Settings.storyboard */; };
		3F38210922560D7200159CE2 /* CreateStory.storyboard in Resources */ = {isa = PBXBuildFile; fileRef = 3F38210B22560D7200159CE2 /* CreateStory.storyboard */; };
		3F38210E22560E4900159CE2 /* Favorites.storyboard in Resources */ = {isa = PBXBuildFile; fileRef = 3F38211022560E4900159CE2 /* Favorites.storyboard */; };
		3F382114225A6AA200159CE2 /* PhotoArray.swift in Sources */ = {isa = PBXBuildFile; fileRef = 3F382113225A6AA200159CE2 /* PhotoArray.swift */; };
		3F382116225B32FE00159CE2 /* PostModelProtocol.swift in Sources */ = {isa = PBXBuildFile; fileRef = 3F382115225B32FE00159CE2 /* PostModelProtocol.swift */; };
		3F91C264222EF1570033AD1F /* RegisterViewController.swift in Sources */ = {isa = PBXBuildFile; fileRef = 3F91C263222EF1570033AD1F /* RegisterViewController.swift */; };
		3F91C268222F90D40033AD1F /* RoundedUIElements.swift in Sources */ = {isa = PBXBuildFile; fileRef = 3F91C267222F90D40033AD1F /* RoundedUIElements.swift */; };
		3F91C26C223038900033AD1F /* UIAlertConstructor.swift in Sources */ = {isa = PBXBuildFile; fileRef = 3F91C26B223038900033AD1F /* UIAlertConstructor.swift */; };
		3F91C26E2230451A0033AD1F /* StringExtension.swift in Sources */ = {isa = PBXBuildFile; fileRef = 3F91C26D2230451A0033AD1F /* StringExtension.swift */; };
		3F91C2772230E7CD0033AD1F /* FavoritesViewController.swift in Sources */ = {isa = PBXBuildFile; fileRef = 3F91C2762230E7CD0033AD1F /* FavoritesViewController.swift */; };
		3F91C27A2230E7E80033AD1F /* SettingsTableViewController.swift in Sources */ = {isa = PBXBuildFile; fileRef = 3F91C2792230E7E80033AD1F /* SettingsTableViewController.swift */; };
		3F91C27D2230E7FE0033AD1F /* CreateStoryViewController.swift in Sources */ = {isa = PBXBuildFile; fileRef = 3F91C27C2230E7FE0033AD1F /* CreateStoryViewController.swift */; };
		3F91C28222353BE00033AD1F /* CategoryTableViewController.swift in Sources */ = {isa = PBXBuildFile; fileRef = 3F91C28122353BE00033AD1F /* CategoryTableViewController.swift */; };
		3F91C28A22354C6D0033AD1F /* CategoryTableViewCell.swift in Sources */ = {isa = PBXBuildFile; fileRef = 3F91C28922354C6D0033AD1F /* CategoryTableViewCell.swift */; };
		3F91C28C223598510033AD1F /* Color.swift in Sources */ = {isa = PBXBuildFile; fileRef = 3F91C28B223598510033AD1F /* Color.swift */; };
		3F91C28E2236E5350033AD1F /* CreateStoryCollectionViewCell.swift in Sources */ = {isa = PBXBuildFile; fileRef = 3F91C28D2236E5350033AD1F /* CreateStoryCollectionViewCell.swift */; };
		3F91C290223818800033AD1F /* CameraHandler.swift in Sources */ = {isa = PBXBuildFile; fileRef = 3F91C28F223818800033AD1F /* CameraHandler.swift */; };
		3F91C29322396F450033AD1F /* Localizable.strings in Resources */ = {isa = PBXBuildFile; fileRef = 3F91C29522396F450033AD1F /* Localizable.strings */; };
		3F91C297223983690033AD1F /* SettingsTableViewCell.swift in Sources */ = {isa = PBXBuildFile; fileRef = 3F91C296223983690033AD1F /* SettingsTableViewCell.swift */; };
		3F91C299223A23A60033AD1F /* ChangePasswordViewController.swift in Sources */ = {isa = PBXBuildFile; fileRef = 3F91C298223A23A60033AD1F /* ChangePasswordViewController.swift */; };
		3F91C29B223ABDCD0033AD1F /* CoreData.framework in Frameworks */ = {isa = PBXBuildFile; fileRef = 3F91C29A223ABDCD0033AD1F /* CoreData.framework */; };
		3F91C2A9223ACD970033AD1F /* MainTableViewController.swift in Sources */ = {isa = PBXBuildFile; fileRef = 3F91C2A8223ACD970033AD1F /* MainTableViewController.swift */; };
		3FD17866225BD47C0043318A /* NetworkManager.swift in Sources */ = {isa = PBXBuildFile; fileRef = 3FD17865225BD47C0043318A /* NetworkManager.swift */; };
		3FF00E64223C0453006015CC /* MainTableViewCell.swift in Sources */ = {isa = PBXBuildFile; fileRef = 3FF00E63223C0453006015CC /* MainTableViewCell.swift */; };
		3FF00E67223C22A8006015CC /* HideKeyBoard.swift in Sources */ = {isa = PBXBuildFile; fileRef = 3FF00E66223C22A8006015CC /* HideKeyBoard.swift */; };
		3FF79DBB22287972002DDCEB /* AppDelegate.swift in Sources */ = {isa = PBXBuildFile; fileRef = 3FF79DBA22287972002DDCEB /* AppDelegate.swift */; };
		3FF79DC022287972002DDCEB /* Main.storyboard in Resources */ = {isa = PBXBuildFile; fileRef = 3FF79DBE22287972002DDCEB /* Main.storyboard */; };
		3FF79DC222287974002DDCEB /* Assets.xcassets in Resources */ = {isa = PBXBuildFile; fileRef = 3FF79DC122287974002DDCEB /* Assets.xcassets */; };
		3FF79DC522287974002DDCEB /* LaunchScreen.storyboard in Resources */ = {isa = PBXBuildFile; fileRef = 3FF79DC322287974002DDCEB /* LaunchScreen.storyboard */; };
		9A60BA76283CEF2A00101A06 /* LoginPresenter.swift in Sources */ = {isa = PBXBuildFile; fileRef = 9A60BA75283CEF2A00101A06 /* LoginPresenter.swift */; };
		9A60BA78283D01FC00101A06 /* LoginModel.swift in Sources */ = {isa = PBXBuildFile; fileRef = 9A60BA77283D01FC00101A06 /* LoginModel.swift */; };
		9A60BA7A283D1C2B00101A06 /* LoginViewController.xib in Resources */ = {isa = PBXBuildFile; fileRef = 9A60BA79283D1C2B00101A06 /* LoginViewController.xib */; };
		9A9D25EF283B8BD90046A5CB /* WelcomPresenter.swift in Sources */ = {isa = PBXBuildFile; fileRef = 9A9D25EE283B8BD90046A5CB /* WelcomPresenter.swift */; };
		9A9D25F3283BD3D30046A5CB /* BuilderProtocol.swift in Sources */ = {isa = PBXBuildFile; fileRef = 9A9D25F2283BD3D30046A5CB /* BuilderProtocol.swift */; };
		9A9D25F5283BD6090046A5CB /* SceneDelegate.swift in Sources */ = {isa = PBXBuildFile; fileRef = 9A9D25F4283BD6090046A5CB /* SceneDelegate.swift */; };
		9A9D25F7283C127C0046A5CB /* WelcomViewController.xib in Resources */ = {isa = PBXBuildFile; fileRef = 9A9D25F6283C127C0046A5CB /* WelcomViewController.xib */; };
		9AFB6A8F2844F3CB008C0186 /* Router.swift in Sources */ = {isa = PBXBuildFile; fileRef = 9AFB6A8E2844F3CB008C0186 /* Router.swift */; };
		A86D7CCD7F14F9E038F154C5 /* Pods_CheckMe.framework in Frameworks */ = {isa = PBXBuildFile; fileRef = F370EE57B261F99AA1FE0A18 /* Pods_CheckMe.framework */; };
/* End PBXBuildFile section */

/* Begin PBXFileReference section */
		3F0964AB2266574500B2D00B /* AuthErrorHandle.swift */ = {isa = PBXFileReference; lastKnownFileType = sourcecode.swift; path = AuthErrorHandle.swift; sourceTree = "<group>"; };
		3F3820F0224025F000159CE2 /* FavoritesTableViewCell.swift */ = {isa = PBXFileReference; lastKnownFileType = sourcecode.swift; path = FavoritesTableViewCell.swift; sourceTree = "<group>"; };
		3F3820F222466D8B00159CE2 /* GoogleService-Info.plist */ = {isa = PBXFileReference; fileEncoding = 4; lastKnownFileType = text.plist.xml; path = "GoogleService-Info.plist"; sourceTree = "<group>"; };
		3F3820F4224B46D900159CE2 /* WelcomViewController.swift */ = {isa = PBXFileReference; lastKnownFileType = sourcecode.swift; path = WelcomViewController.swift; sourceTree = "<group>"; };
		3F3820F822529A2A00159CE2 /* PostsModel.swift */ = {isa = PBXFileReference; lastKnownFileType = sourcecode.swift; path = PostsModel.swift; sourceTree = "<group>"; };
		3F3820FA2256032600159CE2 /* ru */ = {isa = PBXFileReference; lastKnownFileType = text.plist.strings; name = ru; path = ru.lproj/LaunchScreen.strings; sourceTree = "<group>"; };
		3F3820FB2256032600159CE2 /* ru */ = {isa = PBXFileReference; lastKnownFileType = text.plist.strings; name = ru; path = ru.lproj/Main.strings; sourceTree = "<group>"; };
		3F3820FC225603BE00159CE2 /* ru */ = {isa = PBXFileReference; lastKnownFileType = text.plist.strings; name = ru; path = ru.lproj/Localizable.strings; sourceTree = "<group>"; };
		3F3820FE225606CB00159CE2 /* Base */ = {isa = PBXFileReference; lastKnownFileType = file.storyboard; name = Base; path = Base.lproj/Login.storyboard; sourceTree = "<group>"; };
		3F3821012256072400159CE2 /* ru */ = {isa = PBXFileReference; lastKnownFileType = text.plist.strings; name = ru; path = ru.lproj/Login.strings; sourceTree = "<group>"; };
		3F382103225609E900159CE2 /* Base */ = {isa = PBXFileReference; lastKnownFileType = file.storyboard; name = Base; path = Base.lproj/Settings.storyboard; sourceTree = "<group>"; };
		3F382106225609EC00159CE2 /* ru */ = {isa = PBXFileReference; lastKnownFileType = text.plist.strings; name = ru; path = ru.lproj/Settings.strings; sourceTree = "<group>"; };
		3F38210822560C0D00159CE2 /* en */ = {isa = PBXFileReference; lastKnownFileType = text.plist.strings; name = en; path = en.lproj/Settings.strings; sourceTree = "<group>"; };
		3F38210A22560D7200159CE2 /* Base */ = {isa = PBXFileReference; lastKnownFileType = file.storyboard; name = Base; path = Base.lproj/CreateStory.storyboard; sourceTree = "<group>"; };
		3F38210D22560D7500159CE2 /* ru */ = {isa = PBXFileReference; lastKnownFileType = text.plist.strings; name = ru; path = ru.lproj/CreateStory.strings; sourceTree = "<group>"; };
		3F38210F22560E4900159CE2 /* Base */ = {isa = PBXFileReference; lastKnownFileType = file.storyboard; name = Base; path = Base.lproj/Favorites.storyboard; sourceTree = "<group>"; };
		3F38211222560E4C00159CE2 /* ru */ = {isa = PBXFileReference; lastKnownFileType = text.plist.strings; name = ru; path = ru.lproj/Favorites.strings; sourceTree = "<group>"; };
		3F382113225A6AA200159CE2 /* PhotoArray.swift */ = {isa = PBXFileReference; lastKnownFileType = sourcecode.swift; path = PhotoArray.swift; sourceTree = "<group>"; };
		3F382115225B32FE00159CE2 /* PostModelProtocol.swift */ = {isa = PBXFileReference; lastKnownFileType = sourcecode.swift; path = PostModelProtocol.swift; sourceTree = "<group>"; };
		3F91C261222E49C50033AD1F /* LoginViewController.swift */ = {isa = PBXFileReference; lastKnownFileType = sourcecode.swift; path = LoginViewController.swift; sourceTree = "<group>"; };
		3F91C263222EF1570033AD1F /* RegisterViewController.swift */ = {isa = PBXFileReference; lastKnownFileType = sourcecode.swift; path = RegisterViewController.swift; sourceTree = "<group>"; };
		3F91C267222F90D40033AD1F /* RoundedUIElements.swift */ = {isa = PBXFileReference; lastKnownFileType = sourcecode.swift; path = RoundedUIElements.swift; sourceTree = "<group>"; };
		3F91C26B223038900033AD1F /* UIAlertConstructor.swift */ = {isa = PBXFileReference; lastKnownFileType = sourcecode.swift; path = UIAlertConstructor.swift; sourceTree = "<group>"; };
		3F91C26D2230451A0033AD1F /* StringExtension.swift */ = {isa = PBXFileReference; lastKnownFileType = sourcecode.swift; path = StringExtension.swift; sourceTree = "<group>"; };
		3F91C2762230E7CD0033AD1F /* FavoritesViewController.swift */ = {isa = PBXFileReference; lastKnownFileType = sourcecode.swift; path = FavoritesViewController.swift; sourceTree = "<group>"; };
		3F91C2792230E7E80033AD1F /* SettingsTableViewController.swift */ = {isa = PBXFileReference; lastKnownFileType = sourcecode.swift; path = SettingsTableViewController.swift; sourceTree = "<group>"; };
		3F91C27C2230E7FE0033AD1F /* CreateStoryViewController.swift */ = {isa = PBXFileReference; lastKnownFileType = sourcecode.swift; path = CreateStoryViewController.swift; sourceTree = "<group>"; };
		3F91C28122353BE00033AD1F /* CategoryTableViewController.swift */ = {isa = PBXFileReference; lastKnownFileType = sourcecode.swift; path = CategoryTableViewController.swift; sourceTree = "<group>"; };
		3F91C28922354C6D0033AD1F /* CategoryTableViewCell.swift */ = {isa = PBXFileReference; fileEncoding = 4; lastKnownFileType = sourcecode.swift; path = CategoryTableViewCell.swift; sourceTree = "<group>"; };
		3F91C28B223598510033AD1F /* Color.swift */ = {isa = PBXFileReference; lastKnownFileType = sourcecode.swift; path = Color.swift; sourceTree = "<group>"; };
		3F91C28D2236E5350033AD1F /* CreateStoryCollectionViewCell.swift */ = {isa = PBXFileReference; lastKnownFileType = sourcecode.swift; path = CreateStoryCollectionViewCell.swift; sourceTree = "<group>"; };
		3F91C28F223818800033AD1F /* CameraHandler.swift */ = {isa = PBXFileReference; lastKnownFileType = sourcecode.swift; path = CameraHandler.swift; sourceTree = "<group>"; };
		3F91C29422396F450033AD1F /* en */ = {isa = PBXFileReference; lastKnownFileType = text.plist.strings; name = en; path = en.lproj/Localizable.strings; sourceTree = "<group>"; };
		3F91C296223983690033AD1F /* SettingsTableViewCell.swift */ = {isa = PBXFileReference; lastKnownFileType = sourcecode.swift; path = SettingsTableViewCell.swift; sourceTree = "<group>"; };
		3F91C298223A23A60033AD1F /* ChangePasswordViewController.swift */ = {isa = PBXFileReference; lastKnownFileType = sourcecode.swift; path = ChangePasswordViewController.swift; sourceTree = "<group>"; };
		3F91C29A223ABDCD0033AD1F /* CoreData.framework */ = {isa = PBXFileReference; lastKnownFileType = wrapper.framework; name = CoreData.framework; path = System/Library/Frameworks/CoreData.framework; sourceTree = SDKROOT; };
		3F91C2A8223ACD970033AD1F /* MainTableViewController.swift */ = {isa = PBXFileReference; lastKnownFileType = sourcecode.swift; path = MainTableViewController.swift; sourceTree = "<group>"; };
		3FD17865225BD47C0043318A /* NetworkManager.swift */ = {isa = PBXFileReference; lastKnownFileType = sourcecode.swift; path = NetworkManager.swift; sourceTree = "<group>"; };
		3FF00E63223C0453006015CC /* MainTableViewCell.swift */ = {isa = PBXFileReference; lastKnownFileType = sourcecode.swift; path = MainTableViewCell.swift; sourceTree = "<group>"; };
		3FF00E66223C22A8006015CC /* HideKeyBoard.swift */ = {isa = PBXFileReference; lastKnownFileType = sourcecode.swift; path = HideKeyBoard.swift; sourceTree = "<group>"; };
		3FF79DB722287972002DDCEB /* CheckMe.app */ = {isa = PBXFileReference; explicitFileType = wrapper.application; includeInIndex = 0; path = CheckMe.app; sourceTree = BUILT_PRODUCTS_DIR; };
		3FF79DBA22287972002DDCEB /* AppDelegate.swift */ = {isa = PBXFileReference; lastKnownFileType = sourcecode.swift; path = AppDelegate.swift; sourceTree = "<group>"; };
		3FF79DBF22287972002DDCEB /* Base */ = {isa = PBXFileReference; lastKnownFileType = file.storyboard; name = Base; path = Base.lproj/Main.storyboard; sourceTree = "<group>"; };
		3FF79DC122287974002DDCEB /* Assets.xcassets */ = {isa = PBXFileReference; lastKnownFileType = folder.assetcatalog; path = Assets.xcassets; sourceTree = "<group>"; };
		3FF79DC422287974002DDCEB /* Base */ = {isa = PBXFileReference; lastKnownFileType = file.storyboard; name = Base; path = Base.lproj/LaunchScreen.storyboard; sourceTree = "<group>"; };
		3FF79DC622287974002DDCEB /* Info.plist */ = {isa = PBXFileReference; lastKnownFileType = text.plist.xml; path = Info.plist; sourceTree = "<group>"; };
		954C181D7A3E11715F79FA96 /* Pods-CheckMe.release.xcconfig */ = {isa = PBXFileReference; includeInIndex = 1; lastKnownFileType = text.xcconfig; name = "Pods-CheckMe.release.xcconfig"; path = "Pods/Target Support Files/Pods-CheckMe/Pods-CheckMe.release.xcconfig"; sourceTree = "<group>"; };
		9A60BA75283CEF2A00101A06 /* LoginPresenter.swift */ = {isa = PBXFileReference; lastKnownFileType = sourcecode.swift; path = LoginPresenter.swift; sourceTree = "<group>"; };
		9A60BA77283D01FC00101A06 /* LoginModel.swift */ = {isa = PBXFileReference; lastKnownFileType = sourcecode.swift; path = LoginModel.swift; sourceTree = "<group>"; };
		9A60BA79283D1C2B00101A06 /* LoginViewController.xib */ = {isa = PBXFileReference; lastKnownFileType = file.xib; path = LoginViewController.xib; sourceTree = "<group>"; };
		9A9D25EE283B8BD90046A5CB /* WelcomPresenter.swift */ = {isa = PBXFileReference; lastKnownFileType = sourcecode.swift; path = WelcomPresenter.swift; sourceTree = "<group>"; };
		9A9D25F2283BD3D30046A5CB /* BuilderProtocol.swift */ = {isa = PBXFileReference; lastKnownFileType = sourcecode.swift; path = BuilderProtocol.swift; sourceTree = "<group>"; };
		9A9D25F4283BD6090046A5CB /* SceneDelegate.swift */ = {isa = PBXFileReference; lastKnownFileType = sourcecode.swift; path = SceneDelegate.swift; sourceTree = "<group>"; };
		9A9D25F6283C127C0046A5CB /* WelcomViewController.xib */ = {isa = PBXFileReference; lastKnownFileType = file.xib; path = WelcomViewController.xib; sourceTree = "<group>"; };
		9AFB6A8E2844F3CB008C0186 /* Router.swift */ = {isa = PBXFileReference; lastKnownFileType = sourcecode.swift; path = Router.swift; sourceTree = "<group>"; };
		A114A2BC7F11C89772AC2BB2 /* Pods-CheckMe.debug.xcconfig */ = {isa = PBXFileReference; includeInIndex = 1; lastKnownFileType = text.xcconfig; name = "Pods-CheckMe.debug.xcconfig"; path = "Pods/Target Support Files/Pods-CheckMe/Pods-CheckMe.debug.xcconfig"; sourceTree = "<group>"; };
		F370EE57B261F99AA1FE0A18 /* Pods_CheckMe.framework */ = {isa = PBXFileReference; explicitFileType = wrapper.framework; includeInIndex = 0; path = Pods_CheckMe.framework; sourceTree = BUILT_PRODUCTS_DIR; };
/* End PBXFileReference section */

/* Begin PBXFrameworksBuildPhase section */
		3FF79DB422287972002DDCEB /* Frameworks */ = {
			isa = PBXFrameworksBuildPhase;
			buildActionMask = 2147483647;
			files = (
				3F91C29B223ABDCD0033AD1F /* CoreData.framework in Frameworks */,
				A86D7CCD7F14F9E038F154C5 /* Pods_CheckMe.framework in Frameworks */,
			);
			runOnlyForDeploymentPostprocessing = 0;
		};
/* End PBXFrameworksBuildPhase section */

/* Begin PBXGroup section */
		3F91C265222EF19D0033AD1F /* Login */ = {
			isa = PBXGroup;
			children = (
				3F3820FF225606CB00159CE2 /* Login.storyboard */,
				9A9D25F6283C127C0046A5CB /* WelcomViewController.xib */,
				3F3820F4224B46D900159CE2 /* WelcomViewController.swift */,
				9A9D25EE283B8BD90046A5CB /* WelcomPresenter.swift */,
				3F91C261222E49C50033AD1F /* LoginViewController.swift */,
				9A60BA75283CEF2A00101A06 /* LoginPresenter.swift */,
				9A60BA79283D1C2B00101A06 /* LoginViewController.xib */,
				9A60BA77283D01FC00101A06 /* LoginModel.swift */,
				3F91C263222EF1570033AD1F /* RegisterViewController.swift */,
			);
			path = Login;
			sourceTree = "<group>";
		};
		3F91C266222F90A40033AD1F /* UI */ = {
			isa = PBXGroup;
			children = (
				3F91C267222F90D40033AD1F /* RoundedUIElements.swift */,
				3F91C26B223038900033AD1F /* UIAlertConstructor.swift */,
				3F91C28B223598510033AD1F /* Color.swift */,
			);
			path = UI;
			sourceTree = "<group>";
		};
		3F91C26F223045660033AD1F /* Extensions */ = {
			isa = PBXGroup;
			children = (
				3F91C26D2230451A0033AD1F /* StringExtension.swift */,
				3FF00E66223C22A8006015CC /* HideKeyBoard.swift */,
			);
			path = Extensions;
			sourceTree = "<group>";
		};
		3F91C2782230E7D40033AD1F /* Favorites */ = {
			isa = PBXGroup;
			children = (
				3F38211022560E4900159CE2 /* Favorites.storyboard */,
				3F91C2762230E7CD0033AD1F /* FavoritesViewController.swift */,
				3F3820F0224025F000159CE2 /* FavoritesTableViewCell.swift */,
			);
			path = Favorites;
			sourceTree = "<group>";
		};
		3F91C27B2230E7EC0033AD1F /* Settings */ = {
			isa = PBXGroup;
			children = (
				3F382104225609E900159CE2 /* Settings.storyboard */,
				3F91C2792230E7E80033AD1F /* SettingsTableViewController.swift */,
				3F91C296223983690033AD1F /* SettingsTableViewCell.swift */,
				3F91C298223A23A60033AD1F /* ChangePasswordViewController.swift */,
			);
			path = Settings;
			sourceTree = "<group>";
		};
		3F91C27E2230E8020033AD1F /* CreateStory */ = {
			isa = PBXGroup;
			children = (
				3F38210B22560D7200159CE2 /* CreateStory.storyboard */,
				3F91C27C2230E7FE0033AD1F /* CreateStoryViewController.swift */,
				3F91C28D2236E5350033AD1F /* CreateStoryCollectionViewCell.swift */,
				3F91C28122353BE00033AD1F /* CategoryTableViewController.swift */,
				3F91C28922354C6D0033AD1F /* CategoryTableViewCell.swift */,
			);
			path = CreateStory;
			sourceTree = "<group>";
		};
		3F91C283223540130033AD1F /* Model */ = {
			isa = PBXGroup;
			children = (
				3F91C28F223818800033AD1F /* CameraHandler.swift */,
				3F3820F822529A2A00159CE2 /* PostsModel.swift */,
				3F382115225B32FE00159CE2 /* PostModelProtocol.swift */,
				3F382113225A6AA200159CE2 /* PhotoArray.swift */,
				3FD17865225BD47C0043318A /* NetworkManager.swift */,
				3F0964AB2266574500B2D00B /* AuthErrorHandle.swift */,
			);
			path = Model;
			sourceTree = "<group>";
		};
		3FF00E65223C045B006015CC /* HomePage */ = {
			isa = PBXGroup;
			children = (
				3FF79DBE22287972002DDCEB /* Main.storyboard */,
				3F91C2A8223ACD970033AD1F /* MainTableViewController.swift */,
				3FF00E63223C0453006015CC /* MainTableViewCell.swift */,
			);
			path = HomePage;
			sourceTree = "<group>";
		};
		3FF79DAE22287972002DDCEB = {
			isa = PBXGroup;
			children = (
				3FF79DB922287972002DDCEB /* CheckMe */,
				3FF79DB822287972002DDCEB /* Products */,
				9D8D2BA08DE68CAE8BFBE3FD /* Pods */,
				D59F79435B7A610858A7C144 /* Frameworks */,
			);
			sourceTree = "<group>";
		};
		3FF79DB822287972002DDCEB /* Products */ = {
			isa = PBXGroup;
			children = (
				3FF79DB722287972002DDCEB /* CheckMe.app */,
			);
			name = Products;
			sourceTree = "<group>";
		};
		3FF79DB922287972002DDCEB /* CheckMe */ = {
			isa = PBXGroup;
			children = (
				3F91C283223540130033AD1F /* Model */,
				3F91C26F223045660033AD1F /* Extensions */,
				3F91C266222F90A40033AD1F /* UI */,
				3FF79DCD2228855D002DDCEB /* SupportFiles */,
				3FF00E65223C045B006015CC /* HomePage */,
				3F91C27E2230E8020033AD1F /* CreateStory */,
				3F91C27B2230E7EC0033AD1F /* Settings */,
				3F91C2782230E7D40033AD1F /* Favorites */,
				3F91C265222EF19D0033AD1F /* Login */,
				3FF79DC622287974002DDCEB /* Info.plist */,
				3F3820F222466D8B00159CE2 /* GoogleService-Info.plist */,
				3F91C29522396F450033AD1F /* Localizable.strings */,
				9A9D25F2283BD3D30046A5CB /* BuilderProtocol.swift */,
				9AFB6A8E2844F3CB008C0186 /* Router.swift */,
			);
			path = CheckMe;
			sourceTree = "<group>";
		};
		3FF79DCD2228855D002DDCEB /* SupportFiles */ = {
			isa = PBXGroup;
			children = (
				3FF79DBA22287972002DDCEB /* AppDelegate.swift */,
				9A9D25F4283BD6090046A5CB /* SceneDelegate.swift */,
				3FF79DC122287974002DDCEB /* Assets.xcassets */,
				3FF79DC322287974002DDCEB /* LaunchScreen.storyboard */,
			);
			path = SupportFiles;
			sourceTree = "<group>";
		};
		9D8D2BA08DE68CAE8BFBE3FD /* Pods */ = {
			isa = PBXGroup;
			children = (
				A114A2BC7F11C89772AC2BB2 /* Pods-CheckMe.debug.xcconfig */,
				954C181D7A3E11715F79FA96 /* Pods-CheckMe.release.xcconfig */,
			);
			name = Pods;
			sourceTree = "<group>";
		};
		D59F79435B7A610858A7C144 /* Frameworks */ = {
			isa = PBXGroup;
			children = (
				3F91C29A223ABDCD0033AD1F /* CoreData.framework */,
				F370EE57B261F99AA1FE0A18 /* Pods_CheckMe.framework */,
			);
			name = Frameworks;
			sourceTree = "<group>";
		};
/* End PBXGroup section */

/* Begin PBXNativeTarget section */
		3FF79DB622287972002DDCEB /* CheckMe */ = {
			isa = PBXNativeTarget;
			buildConfigurationList = 3FF79DC922287974002DDCEB /* Build configuration list for PBXNativeTarget "CheckMe" */;
			buildPhases = (
				465C45856D2ECFB55A83DCAA /* [CP] Check Pods Manifest.lock */,
				3FF79DB322287972002DDCEB /* Sources */,
				3FF79DB422287972002DDCEB /* Frameworks */,
				3FF79DB522287972002DDCEB /* Resources */,
				3FF79DCC22287CFB002DDCEB /* ShellScript */,
				915DCDFAE36E13A1205F6481 /* [CP] Embed Pods Frameworks */,
			);
			buildRules = (
			);
			dependencies = (
			);
			name = CheckMe;
			productName = CheckMe;
			productReference = 3FF79DB722287972002DDCEB /* CheckMe.app */;
			productType = "com.apple.product-type.application";
		};
/* End PBXNativeTarget section */

/* Begin PBXProject section */
		3FF79DAF22287972002DDCEB /* Project object */ = {
			isa = PBXProject;
			attributes = {
				LastSwiftUpdateCheck = 1010;
				LastUpgradeCheck = 1010;
				ORGANIZATIONNAME = "Vadzim Sasnouski";
				TargetAttributes = {
					3FF79DB622287972002DDCEB = {
						CreatedOnToolsVersion = 10.1;
					};
				};
			};
			buildConfigurationList = 3FF79DB222287972002DDCEB /* Build configuration list for PBXProject "CheckMe" */;
			compatibilityVersion = "Xcode 9.3";
			developmentRegion = en;
			hasScannedForEncodings = 0;
			knownRegions = (
				en,
				Base,
				ru,
			);
			mainGroup = 3FF79DAE22287972002DDCEB;
			productRefGroup = 3FF79DB822287972002DDCEB /* Products */;
			projectDirPath = "";
			projectRoot = "";
			targets = (
				3FF79DB622287972002DDCEB /* CheckMe */,
			);
		};
/* End PBXProject section */

/* Begin PBXResourcesBuildPhase section */
		3FF79DB522287972002DDCEB /* Resources */ = {
			isa = PBXResourcesBuildPhase;
			buildActionMask = 2147483647;
			files = (
				3F38210922560D7200159CE2 /* CreateStory.storyboard in Resources */,
				3FF79DC522287974002DDCEB /* LaunchScreen.storyboard in Resources */,
				9A60BA7A283D1C2B00101A06 /* LoginViewController.xib in Resources */,
				3F3820F322466D8C00159CE2 /* GoogleService-Info.plist in Resources */,
				9A9D25F7283C127C0046A5CB /* WelcomViewController.xib in Resources */,
				3FF79DC222287974002DDCEB /* Assets.xcassets in Resources */,
				3F38210E22560E4900159CE2 /* Favorites.storyboard in Resources */,
				3F91C29322396F450033AD1F /* Localizable.strings in Resources */,
				3F3820FD225606CB00159CE2 /* Login.storyboard in Resources */,
				3FF79DC022287972002DDCEB /* Main.storyboard in Resources */,
				3F382102225609E900159CE2 /* Settings.storyboard in Resources */,
			);
			runOnlyForDeploymentPostprocessing = 0;
		};
/* End PBXResourcesBuildPhase section */

/* Begin PBXShellScriptBuildPhase section */
		3FF79DCC22287CFB002DDCEB /* ShellScript */ = {
			isa = PBXShellScriptBuildPhase;
			buildActionMask = 2147483647;
			files = (
			);
			inputFileListPaths = (
			);
			inputPaths = (
				"$(SRCROOT)/$(BUILT_PRODUCTS_DIR)/$(INFOPLIST_PATH)",
			);
			outputFileListPaths = (
			);
			outputPaths = (
			);
			runOnlyForDeploymentPostprocessing = 0;
			shellPath = /bin/sh;
			shellScript = "\"${PODS_ROOT}/SwiftLint/swiftlint\"\n\n\"${PODS_ROOT}/Fabric/run\" 1eaead4d3691158276080e6acff804b1d373d01a 182409e95e6fe55621cd22760ed3ddc501cd12258ab61d02b0f368a7beebe5c3\n";
		};
		465C45856D2ECFB55A83DCAA /* [CP] Check Pods Manifest.lock */ = {
			isa = PBXShellScriptBuildPhase;
			buildActionMask = 2147483647;
			files = (
			);
			inputFileListPaths = (
			);
			inputPaths = (
				"${PODS_PODFILE_DIR_PATH}/Podfile.lock",
				"${PODS_ROOT}/Manifest.lock",
			);
			name = "[CP] Check Pods Manifest.lock";
			outputFileListPaths = (
			);
			outputPaths = (
				"$(DERIVED_FILE_DIR)/Pods-CheckMe-checkManifestLockResult.txt",
			);
			runOnlyForDeploymentPostprocessing = 0;
			shellPath = /bin/sh;
			shellScript = "diff \"${PODS_PODFILE_DIR_PATH}/Podfile.lock\" \"${PODS_ROOT}/Manifest.lock\" > /dev/null\nif [ $? != 0 ] ; then\n    # print error to STDERR\n    echo \"error: The sandbox is not in sync with the Podfile.lock. Run 'pod install' or update your CocoaPods installation.\" >&2\n    exit 1\nfi\n# This output is used by Xcode 'outputs' to avoid re-running this script phase.\necho \"SUCCESS\" > \"${SCRIPT_OUTPUT_FILE_0}\"\n";
			showEnvVarsInLog = 0;
		};
		915DCDFAE36E13A1205F6481 /* [CP] Embed Pods Frameworks */ = {
			isa = PBXShellScriptBuildPhase;
			buildActionMask = 2147483647;
			files = (
			);
			inputFileListPaths = (
				"${PODS_ROOT}/Target Support Files/Pods-CheckMe/Pods-CheckMe-frameworks-${CONFIGURATION}-input-files.xcfilelist",
			);
			name = "[CP] Embed Pods Frameworks";
			outputFileListPaths = (
				"${PODS_ROOT}/Target Support Files/Pods-CheckMe/Pods-CheckMe-frameworks-${CONFIGURATION}-output-files.xcfilelist",
			);
			runOnlyForDeploymentPostprocessing = 0;
			shellPath = /bin/sh;
			shellScript = "\"${PODS_ROOT}/Target Support Files/Pods-CheckMe/Pods-CheckMe-frameworks.sh\"\n";
			showEnvVarsInLog = 0;
		};
/* End PBXShellScriptBuildPhase section */

/* Begin PBXSourcesBuildPhase section */
		3FF79DB322287972002DDCEB /* Sources */ = {
			isa = PBXSourcesBuildPhase;
			buildActionMask = 2147483647;
			files = (
				3FF00E64223C0453006015CC /* MainTableViewCell.swift in Sources */,
				3F092A53225CA93E001DF034 /* LoginViewController.swift in Sources */,
				3F3820F922529A2A00159CE2 /* PostsModel.swift in Sources */,
				3F91C2A9223ACD970033AD1F /* MainTableViewController.swift in Sources */,
				3F91C297223983690033AD1F /* SettingsTableViewCell.swift in Sources */,
				3F91C264222EF1570033AD1F /* RegisterViewController.swift in Sources */,
				3F91C26E2230451A0033AD1F /* StringExtension.swift in Sources */,
				3F91C299223A23A60033AD1F /* ChangePasswordViewController.swift in Sources */,
				9AFB6A8F2844F3CB008C0186 /* Router.swift in Sources */,
				3F382114225A6AA200159CE2 /* PhotoArray.swift in Sources */,
				3F3820F1224025F000159CE2 /* FavoritesTableViewCell.swift in Sources */,
				3F91C2772230E7CD0033AD1F /* FavoritesViewController.swift in Sources */,
				3F91C268222F90D40033AD1F /* RoundedUIElements.swift in Sources */,
				9A9D25F5283BD6090046A5CB /* SceneDelegate.swift in Sources */,
				9A60BA78283D01FC00101A06 /* LoginModel.swift in Sources */,
				3F0964AC2266574500B2D00B /* AuthErrorHandle.swift in Sources */,
				9A9D25EF283B8BD90046A5CB /* WelcomPresenter.swift in Sources */,
				3F91C28222353BE00033AD1F /* CategoryTableViewController.swift in Sources */,
				3F91C27D2230E7FE0033AD1F /* CreateStoryViewController.swift in Sources */,
				3F91C28C223598510033AD1F /* Color.swift in Sources */,
				3FD17866225BD47C0043318A /* NetworkManager.swift in Sources */,
				3F3820F5224B46D900159CE2 /* WelcomViewController.swift in Sources */,
				3F382116225B32FE00159CE2 /* PostModelProtocol.swift in Sources */,
				3F91C28E2236E5350033AD1F /* CreateStoryCollectionViewCell.swift in Sources */,
				3F91C26C223038900033AD1F /* UIAlertConstructor.swift in Sources */,
				3FF00E67223C22A8006015CC /* HideKeyBoard.swift in Sources */,
				9A60BA76283CEF2A00101A06 /* LoginPresenter.swift in Sources */,
				9A9D25F3283BD3D30046A5CB /* BuilderProtocol.swift in Sources */,
				3F91C290223818800033AD1F /* CameraHandler.swift in Sources */,
				3F91C28A22354C6D0033AD1F /* CategoryTableViewCell.swift in Sources */,
				3FF79DBB22287972002DDCEB /* AppDelegate.swift in Sources */,
				3F91C27A2230E7E80033AD1F /* SettingsTableViewController.swift in Sources */,
			);
			runOnlyForDeploymentPostprocessing = 0;
		};
/* End PBXSourcesBuildPhase section */

/* Begin PBXVariantGroup section */
		3F3820FF225606CB00159CE2 /* Login.storyboard */ = {
			isa = PBXVariantGroup;
			children = (
				3F3820FE225606CB00159CE2 /* Base */,
				3F3821012256072400159CE2 /* ru */,
			);
			name = Login.storyboard;
			sourceTree = "<group>";
		};
		3F382104225609E900159CE2 /* Settings.storyboard */ = {
			isa = PBXVariantGroup;
			children = (
				3F382103225609E900159CE2 /* Base */,
				3F382106225609EC00159CE2 /* ru */,
				3F38210822560C0D00159CE2 /* en */,
			);
			name = Settings.storyboard;
			sourceTree = "<group>";
		};
		3F38210B22560D7200159CE2 /* CreateStory.storyboard */ = {
			isa = PBXVariantGroup;
			children = (
				3F38210A22560D7200159CE2 /* Base */,
				3F38210D22560D7500159CE2 /* ru */,
			);
			name = CreateStory.storyboard;
			sourceTree = "<group>";
		};
		3F38211022560E4900159CE2 /* Favorites.storyboard */ = {
			isa = PBXVariantGroup;
			children = (
				3F38210F22560E4900159CE2 /* Base */,
				3F38211222560E4C00159CE2 /* ru */,
			);
			name = Favorites.storyboard;
			sourceTree = "<group>";
		};
		3F91C29522396F450033AD1F /* Localizable.strings */ = {
			isa = PBXVariantGroup;
			children = (
				3F91C29422396F450033AD1F /* en */,
				3F3820FC225603BE00159CE2 /* ru */,
			);
			name = Localizable.strings;
			sourceTree = "<group>";
		};
		3FF79DBE22287972002DDCEB /* Main.storyboard */ = {
			isa = PBXVariantGroup;
			children = (
				3FF79DBF22287972002DDCEB /* Base */,
				3F3820FB2256032600159CE2 /* ru */,
			);
			name = Main.storyboard;
			sourceTree = "<group>";
		};
		3FF79DC322287974002DDCEB /* LaunchScreen.storyboard */ = {
			isa = PBXVariantGroup;
			children = (
				3FF79DC422287974002DDCEB /* Base */,
				3F3820FA2256032600159CE2 /* ru */,
			);
			name = LaunchScreen.storyboard;
			sourceTree = "<group>";
		};
/* End PBXVariantGroup section */

/* Begin XCBuildConfiguration section */
		3FF79DC722287974002DDCEB /* Debug */ = {
			isa = XCBuildConfiguration;
			buildSettings = {
				ALWAYS_SEARCH_USER_PATHS = NO;
				CLANG_ANALYZER_LOCALIZABILITY_NONLOCALIZED = YES;
				CLANG_ANALYZER_NONNULL = YES;
				CLANG_ANALYZER_NUMBER_OBJECT_CONVERSION = YES_AGGRESSIVE;
				CLANG_CXX_LANGUAGE_STANDARD = "gnu++14";
				CLANG_CXX_LIBRARY = "libc++";
				CLANG_ENABLE_MODULES = YES;
				CLANG_ENABLE_OBJC_ARC = YES;
				CLANG_ENABLE_OBJC_WEAK = YES;
				CLANG_WARN_BLOCK_CAPTURE_AUTORELEASING = YES;
				CLANG_WARN_BOOL_CONVERSION = YES;
				CLANG_WARN_COMMA = YES;
				CLANG_WARN_CONSTANT_CONVERSION = YES;
				CLANG_WARN_DEPRECATED_OBJC_IMPLEMENTATIONS = YES;
				CLANG_WARN_DIRECT_OBJC_ISA_USAGE = YES_ERROR;
				CLANG_WARN_DOCUMENTATION_COMMENTS = YES;
				CLANG_WARN_EMPTY_BODY = YES;
				CLANG_WARN_ENUM_CONVERSION = YES;
				CLANG_WARN_INFINITE_RECURSION = YES;
				CLANG_WARN_INT_CONVERSION = YES;
				CLANG_WARN_NON_LITERAL_NULL_CONVERSION = YES;
				CLANG_WARN_OBJC_IMPLICIT_RETAIN_SELF = YES;
				CLANG_WARN_OBJC_LITERAL_CONVERSION = YES;
				CLANG_WARN_OBJC_ROOT_CLASS = YES_ERROR;
				CLANG_WARN_RANGE_LOOP_ANALYSIS = YES;
				CLANG_WARN_STRICT_PROTOTYPES = YES;
				CLANG_WARN_SUSPICIOUS_MOVE = YES;
				CLANG_WARN_UNGUARDED_AVAILABILITY = YES_AGGRESSIVE;
				CLANG_WARN_UNREACHABLE_CODE = YES;
				CLANG_WARN__DUPLICATE_METHOD_MATCH = YES;
				CODE_SIGN_IDENTITY = "iPhone Developer";
				COPY_PHASE_STRIP = NO;
				DEBUG_INFORMATION_FORMAT = "dwarf-with-dsym";
				ENABLE_STRICT_OBJC_MSGSEND = YES;
				ENABLE_TESTABILITY = YES;
				GCC_C_LANGUAGE_STANDARD = gnu11;
				GCC_DYNAMIC_NO_PIC = NO;
				GCC_NO_COMMON_BLOCKS = YES;
				GCC_OPTIMIZATION_LEVEL = 0;
				GCC_PREPROCESSOR_DEFINITIONS = (
					"DEBUG=1",
					"$(inherited)",
				);
				GCC_WARN_64_TO_32_BIT_CONVERSION = YES;
				GCC_WARN_ABOUT_RETURN_TYPE = YES_ERROR;
				GCC_WARN_UNDECLARED_SELECTOR = YES;
				GCC_WARN_UNINITIALIZED_AUTOS = YES_AGGRESSIVE;
				GCC_WARN_UNUSED_FUNCTION = YES;
				GCC_WARN_UNUSED_VARIABLE = YES;
				IPHONEOS_DEPLOYMENT_TARGET = 12.1;
				MTL_ENABLE_DEBUG_INFO = INCLUDE_SOURCE;
				MTL_FAST_MATH = YES;
				ONLY_ACTIVE_ARCH = YES;
				SDKROOT = iphoneos;
				SWIFT_ACTIVE_COMPILATION_CONDITIONS = DEBUG;
				SWIFT_OPTIMIZATION_LEVEL = "-Onone";
			};
			name = Debug;
		};
		3FF79DC822287974002DDCEB /* Release */ = {
			isa = XCBuildConfiguration;
			buildSettings = {
				ALWAYS_SEARCH_USER_PATHS = NO;
				CLANG_ANALYZER_LOCALIZABILITY_NONLOCALIZED = YES;
				CLANG_ANALYZER_NONNULL = YES;
				CLANG_ANALYZER_NUMBER_OBJECT_CONVERSION = YES_AGGRESSIVE;
				CLANG_CXX_LANGUAGE_STANDARD = "gnu++14";
				CLANG_CXX_LIBRARY = "libc++";
				CLANG_ENABLE_MODULES = YES;
				CLANG_ENABLE_OBJC_ARC = YES;
				CLANG_ENABLE_OBJC_WEAK = YES;
				CLANG_WARN_BLOCK_CAPTURE_AUTORELEASING = YES;
				CLANG_WARN_BOOL_CONVERSION = YES;
				CLANG_WARN_COMMA = YES;
				CLANG_WARN_CONSTANT_CONVERSION = YES;
				CLANG_WARN_DEPRECATED_OBJC_IMPLEMENTATIONS = YES;
				CLANG_WARN_DIRECT_OBJC_ISA_USAGE = YES_ERROR;
				CLANG_WARN_DOCUMENTATION_COMMENTS = YES;
				CLANG_WARN_EMPTY_BODY = YES;
				CLANG_WARN_ENUM_CONVERSION = YES;
				CLANG_WARN_INFINITE_RECURSION = YES;
				CLANG_WARN_INT_CONVERSION = YES;
				CLANG_WARN_NON_LITERAL_NULL_CONVERSION = YES;
				CLANG_WARN_OBJC_IMPLICIT_RETAIN_SELF = YES;
				CLANG_WARN_OBJC_LITERAL_CONVERSION = YES;
				CLANG_WARN_OBJC_ROOT_CLASS = YES_ERROR;
				CLANG_WARN_RANGE_LOOP_ANALYSIS = YES;
				CLANG_WARN_STRICT_PROTOTYPES = YES;
				CLANG_WARN_SUSPICIOUS_MOVE = YES;
				CLANG_WARN_UNGUARDED_AVAILABILITY = YES_AGGRESSIVE;
				CLANG_WARN_UNREACHABLE_CODE = YES;
				CLANG_WARN__DUPLICATE_METHOD_MATCH = YES;
				CODE_SIGN_IDENTITY = "iPhone Developer";
				COPY_PHASE_STRIP = NO;
				DEBUG_INFORMATION_FORMAT = "dwarf-with-dsym";
				ENABLE_NS_ASSERTIONS = NO;
				ENABLE_STRICT_OBJC_MSGSEND = YES;
				GCC_C_LANGUAGE_STANDARD = gnu11;
				GCC_NO_COMMON_BLOCKS = YES;
				GCC_WARN_64_TO_32_BIT_CONVERSION = YES;
				GCC_WARN_ABOUT_RETURN_TYPE = YES_ERROR;
				GCC_WARN_UNDECLARED_SELECTOR = YES;
				GCC_WARN_UNINITIALIZED_AUTOS = YES_AGGRESSIVE;
				GCC_WARN_UNUSED_FUNCTION = YES;
				GCC_WARN_UNUSED_VARIABLE = YES;
				IPHONEOS_DEPLOYMENT_TARGET = 12.1;
				MTL_ENABLE_DEBUG_INFO = NO;
				MTL_FAST_MATH = YES;
				SDKROOT = iphoneos;
				SWIFT_COMPILATION_MODE = wholemodule;
				SWIFT_OPTIMIZATION_LEVEL = "-O";
				VALIDATE_PRODUCT = YES;
			};
			name = Release;
		};
		3FF79DCA22287974002DDCEB /* Debug */ = {
			isa = XCBuildConfiguration;
			baseConfigurationReference = A114A2BC7F11C89772AC2BB2 /* Pods-CheckMe.debug.xcconfig */;
			buildSettings = {
				ASSETCATALOG_COMPILER_APPICON_NAME = AppIcon;
				CODE_SIGN_STYLE = Automatic;
				DEVELOPMENT_TEAM = 9YKCHYY383;
				INFOPLIST_FILE = CheckMe/Info.plist;
				IPHONEOS_DEPLOYMENT_TARGET = 13.0;
				LD_RUNPATH_SEARCH_PATHS = (
					"$(inherited)",
					"@executable_path/Frameworks",
				);
				PRODUCT_BUNDLE_IDENTIFIER = VS.CheckMe;
				PRODUCT_NAME = "$(TARGET_NAME)";
				SWIFT_VERSION = 4.2;
				TARGETED_DEVICE_FAMILY = "1,2";
			};
			name = Debug;
		};
		3FF79DCB22287974002DDCEB /* Release */ = {
			isa = XCBuildConfiguration;
			baseConfigurationReference = 954C181D7A3E11715F79FA96 /* Pods-CheckMe.release.xcconfig */;
			buildSettings = {
				ASSETCATALOG_COMPILER_APPICON_NAME = AppIcon;
				CODE_SIGN_STYLE = Automatic;
				DEVELOPMENT_TEAM = 9YKCHYY383;
				INFOPLIST_FILE = CheckMe/Info.plist;
				IPHONEOS_DEPLOYMENT_TARGET = 13.0;
				LD_RUNPATH_SEARCH_PATHS = (
					"$(inherited)",
					"@executable_path/Frameworks",
				);
				PRODUCT_BUNDLE_IDENTIFIER = VS.CheckMe;
				PRODUCT_NAME = "$(TARGET_NAME)";
				SWIFT_VERSION = 4.2;
				TARGETED_DEVICE_FAMILY = "1,2";
			};
			name = Release;
		};
/* End XCBuildConfiguration section */

/* Begin XCConfigurationList section */
		3FF79DB222287972002DDCEB /* Build configuration list for PBXProject "CheckMe" */ = {
			isa = XCConfigurationList;
			buildConfigurations = (
				3FF79DC722287974002DDCEB /* Debug */,
				3FF79DC822287974002DDCEB /* Release */,
			);
			defaultConfigurationIsVisible = 0;
			defaultConfigurationName = Release;
		};
		3FF79DC922287974002DDCEB /* Build configuration list for PBXNativeTarget "CheckMe" */ = {
			isa = XCConfigurationList;
			buildConfigurations = (
				3FF79DCA22287974002DDCEB /* Debug */,
				3FF79DCB22287974002DDCEB /* Release */,
			);
			defaultConfigurationIsVisible = 0;
			defaultConfigurationName = Release;
		};
/* End XCConfigurationList section */
	};
	rootObject = 3FF79DAF22287972002DDCEB /* Project object */;
}
